
Microsoft Visual Studio Solution File, Format Version 12.00
# Visual Studio Version 16
VisualStudioVersion = 16.0.31129.286
MinimumVisualStudioVersion = 10.0.40219.1
Project("{FAE04EC0-301F-11D3-BF4B-00C04F79EFBC}") = "AppClinicaDental", "AppClinicaDental\AppClinicaDental.csproj", "{9E925646-AE12-4665-868C-B958B3006535}"
EndProject
Global
	GlobalSection(SolutionConfigurationPlatforms) = preSolution
		Debug|Any CPU = Debug|Any CPU
		Release|Any CPU = Release|Any CPU
	EndGlobalSection
	GlobalSection(ProjectConfigurationPlatforms) = postSolution
		{9E925646-AE12-4665-868C-B958B3006535}.Debug|Any CPU.ActiveCfg = Debug|Any CPU
		{9E925646-AE12-4665-868C-B958B3006535}.Debug|Any CPU.Build.0 = Debug|Any CPU
		{9E925646-AE12-4665-868C-B958B3006535}.Release|Any CPU.ActiveCfg = Release|Any CPU
		{9E925646-AE12-4665-868C-B958B3006535}.Release|Any CPU.Build.0 = Release|Any CPU
	EndGlobalSection
	GlobalSection(SolutionProperties) = preSolution
		HideSolutionNode = FALSE
	EndGlobalSection
	GlobalSection(ExtensibilityGlobals) = postSolution
		SolutionGuid = {4D60A9A7-CAF4-46B5-87DA-21D9B3FE339F}
	EndGlobalSection
EndGlobal
